// !$*UTF8*$!
{
	archiveVersion = 1;
	classes = {
	};
	objectVersion = 46;
	objects = {

/* Begin PBXBuildFile section */
		F51374D31BDF58D90088BDC8 /* main.m in Sources */ = {isa = PBXBuildFile; fileRef = F51374D21BDF58D90088BDC8 /* main.m */; };
		F51374DB1BDF594F0088BDC8 /* NSString+CDConvert.m in Sources */ = {isa = PBXBuildFile; fileRef = F51374DA1BDF594F0088BDC8 /* NSString+CDConvert.m */; };
/* End PBXBuildFile section */

/* Begin PBXCopyFilesBuildPhase section */
		F51374CD1BDF58D90088BDC8 /* CopyFiles */ = {
			isa = PBXCopyFilesBuildPhase;
			buildActionMask = 2147483647;
			dstPath = /usr/share/man/man1/;
			dstSubfolderSpec = 0;
			files = (
			);
			runOnlyForDeploymentPostprocessing = 1;
		};
/* End PBXCopyFilesBuildPhase section */

/* Begin PBXFileReference section */
		F51374CF1BDF58D90088BDC8 /* CDConvert */ = {isa = PBXFileReference; explicitFileType = "compiled.mach-o.executable"; includeInIndex = 0; path = CDConvert; sourceTree = BUILT_PRODUCTS_DIR; };
		F51374D21BDF58D90088BDC8 /* main.m */ = {isa = PBXFileReference; lastKnownFileType = sourcecode.c.objc; path = main.m; sourceTree = "<group>"; };
		F51374D91BDF594F0088BDC8 /* NSString+CDConvert.h */ = {isa = PBXFileReference; fileEncoding = 4; lastKnownFileType = sourcecode.c.h; path = "NSString+CDConvert.h"; sourceTree = "<group>"; };
		F51374DA1BDF594F0088BDC8 /* NSString+CDConvert.m */ = {isa = PBXFileReference; fileEncoding = 4; lastKnownFileType = sourcecode.c.objc; path = "NSString+CDConvert.m"; sourceTree = "<group>"; };
/* End PBXFileReference section */

/* Begin PBXFrameworksBuildPhase section */
		F51374CC1BDF58D90088BDC8 /* Frameworks */ = {
			isa = PBXFrameworksBuildPhase;
			buildActionMask = 2147483647;
			files = (
			);
			runOnlyForDeploymentPostprocessing = 0;
		};
/* End PBXFrameworksBuildPhase section */

/* Begin PBXGroup section */
		F51374C61BDF58D90088BDC8 = {
			isa = PBXGroup;
			children = (
				F51374D11BDF58D90088BDC8 /* CDConvert */,
				F51374D01BDF58D90088BDC8 /* Products */,
			);
			sourceTree = "<group>";
		};
		F51374D01BDF58D90088BDC8 /* Products */ = {
			isa = PBXGroup;
			children = (
				F51374CF1BDF58D90088BDC8 /* CDConvert */,
			);
			name = Products;
			sourceTree = "<group>";
		};
		F51374D11BDF58D90088BDC8 /* CDConvert */ = {
			isa = PBXGroup;
			children = (
				F51374D91BDF594F0088BDC8 /* NSString+CDConvert.h */,
				F51374DA1BDF594F0088BDC8 /* NSString+CDConvert.m */,
				F51374D21BDF58D90088BDC8 /* main.m */,
			);
			path = CDConvert;
			sourceTree = "<group>";
		};
/* End PBXGroup section */

/* Begin PBXNativeTarget section */
		F51374CE1BDF58D90088BDC8 /* CDConvert */ = {
			isa = PBXNativeTarget;
			buildConfigurationList = F51374D61BDF58D90088BDC8 /* Build configuration list for PBXNativeTarget "CDConvert" */;
			buildPhases = (
				F51374CB1BDF58D90088BDC8 /* Sources */,
				F51374CC1BDF58D90088BDC8 /* Frameworks */,
				F51374CD1BDF58D90088BDC8 /* CopyFiles */,
			);
			buildRules = (
			);
			dependencies = (
			);
			name = CDConvert;
			productName = CDConvert;
			productReference = F51374CF1BDF58D90088BDC8 /* CDConvert */;
			productType = "com.apple.product-type.tool";
		};
/* End PBXNativeTarget section */

/* Begin PBXProject section */
		F51374C71BDF58D90088BDC8 /* Project object */ = {
			isa = PBXProject;
			attributes = {
				LastUpgradeCheck = 0640;
				ORGANIZATIONNAME = "东 程";
				TargetAttributes = {
					F51374CE1BDF58D90088BDC8 = {
						CreatedOnToolsVersion = 6.4;
					};
				};
			};
			buildConfigurationList = F51374CA1BDF58D90088BDC8 /* Build configuration list for PBXProject "CDConvert" */;
			compatibilityVersion = "Xcode 3.2";
			developmentRegion = English;
			hasScannedForEncodings = 0;
			knownRegions = (
				en,
			);
			mainGroup = F51374C61BDF58D90088BDC8;
			productRefGroup = F51374D01BDF58D90088BDC8 /* Products */;
			projectDirPath = "";
			projectRoot = "";
			targets = (
				F51374CE1BDF58D90088BDC8 /* CDConvert */,
			);
		};
/* End PBXProject section */

/* Begin PBXSourcesBuildPhase section */
		F51374CB1BDF58D90088BDC8 /* Sources */ = {
			isa = PBXSourcesBuildPhase;
			buildActionMask = 2147483647;
			files = (
				F51374DB1BDF594F0088BDC8 /* NSString+CDConvert.m in Sources */,
				F51374D31BDF58D90088BDC8 /* main.m in Sources */,
			);
			runOnlyForDeploymentPostprocessing = 0;
		};
/* End PBXSourcesBuildPhase section */

/* Begin XCBuildConfiguration section */
		F51374D41BDF58D90088BDC8 /* Debug */ = {
			isa = XCBuildConfiguration;
			buildSettings = {
				ALWAYS_SEARCH_USER_PATHS = NO;
				CLANG_CXX_LANGUAGE_STANDARD = "gnu++0x";
				CLANG_CXX_LIBRARY = "libc++";
				CLANG_ENABLE_MODULES = YES;
				CLANG_ENABLE_OBJC_ARC = YES;
				CLANG_WARN_BOOL_CONVERSION = YES;
				CLANG_WARN_CONSTANT_CONVERSION = YES;
				CLANG_WARN_DIRECT_OBJC_ISA_USAGE = YES_ERROR;
				CLANG_WARN_EMPTY_BODY = YES;
				CLANG_WARN_ENUM_CONVERSION = YES;
				CLANG_WARN_INT_CONVERSION = YES;
				CLANG_WARN_OBJC_ROOT_CLASS = YES_ERROR;
				CLANG_WARN_UNREACHABLE_CODE = YES;
				CLANG_WARN__DUPLICATE_METHOD_MATCH = YES;
				COPY_PHASE_STRIP = NO;
				DEBUG_INFORMATION_FORMAT = dwarf;
				ENABLE_STRICT_OBJC_MSGSEND = YES;
				GCC_C_LANGUAGE_STANDARD = gnu99;
				GCC_DYNAMIC_NO_PIC = NO;
				GCC_NO_COMMON_BLOCKS = YES;
				GCC_OPTIMIZATION_LEVEL = 0;
				GCC_PREPROCESSOR_DEFINITIONS = (
					"DEBUG=1",
					"$(inherited)",
				);
				GCC_SYMBOLS_PRIVATE_EXTERN = NO;
				GCC_WARN_64_TO_32_BIT_CONVERSION = YES;
				GCC_WARN_ABOUT_RETURN_TYPE = YES_ERROR;
				GCC_WARN_UNDECLARED_SELECTOR = YES;
				GCC_WARN_UNINITIALIZED_AUTOS = YES_AGGRESSIVE;
				GCC_WARN_UNUSED_FUNCTION = YES;
				GCC_WARN_UNUSED_VARIABLE = YES;
				MACOSX_DEPLOYMENT_TARGET = 10.11;
				MTL_ENABLE_DEBUG_INFO = YES;
				ONLY_ACTIVE_ARCH = YES;
				SDKROOT = macosx;
			};
			name = Debug;
		};
		F51374D51BDF58D90088BDC8 /* Release */ = {
			isa = XCBuildConfiguration;
			buildSettings = {
				ALWAYS_SEARCH_USER_PATHS = NO;
				CLANG_CXX_LANGUAGE_STANDARD = "gnu++0x";
				CLANG_CXX_LIBRARY = "libc++";
				CLANG_ENABLE_MODULES = YES;
				CLANG_ENABLE_OBJC_ARC = YES;
				CLANG_WARN_BOOL_CONVERSION = YES;
				CLANG_WARN_CONSTANT_CONVERSION = YES;
				CLANG_WARN_DIRECT_OBJC_ISA_USAGE = YES_ERROR;
				CLANG_WARN_EMPTY_BODY = YES;
				CLANG_WARN_ENUM_CONVERSION = YES;
				CLANG_WARN_INT_CONVERSION = YES;
				CLANG_WARN_OBJC_ROOT_CLASS = YES_ERROR;
				CLANG_WARN_UNREACHABLE_CODE = YES;
				CLANG_WARN__DUPLICATE_METHOD_MATCH = YES;
				COPY_PHASE_STRIP = NO;
				DEBUG_INFORMATION_FORMAT = "dwarf-with-dsym";
				ENABLE_NS_ASSERTIONS = NO;
				ENABLE_STRICT_OBJC_MSGSEND = YES;
				GCC_C_LANGUAGE_STANDARD = gnu99;
				GCC_NO_COMMON_BLOCKS = YES;
				GCC_WARN_64_TO_32_BIT_CONVERSION = YES;
				GCC_WARN_ABOUT_RETURN_TYPE = YES_ERROR;
				GCC_WARN_UNDECLARED_SELECTOR = YES;
				GCC_WARN_UNINITIALIZED_AUTOS = YES_AGGRESSIVE;
				GCC_WARN_UNUSED_FUNCTION = YES;
				GCC_WARN_UNUSED_VARIABLE = YES;
				MACOSX_DEPLOYMENT_TARGET = 10.11;
				MTL_ENABLE_DEBUG_INFO = NO;
				SDKROOT = macosx;
			};
			name = Release;
		};
		F51374D71BDF58D90088BDC8 /* Debug */ = {
			isa = XCBuildConfiguration;
			buildSettings = {
				PRODUCT_NAME = "$(TARGET_NAME)";
			};
			name = Debug;
		};
		F51374D81BDF58D90088BDC8 /* Release */ = {
			isa = XCBuildConfiguration;
			buildSettings = {
				PRODUCT_NAME = "$(TARGET_NAME)";
			};
			name = Release;
		};
/* End XCBuildConfiguration section */

/* Begin XCConfigurationList section */
		F51374CA1BDF58D90088BDC8 /* Build configuration list for PBXProject "CDConvert" */ = {
			isa = XCConfigurationList;
			buildConfigurations = (
				F51374D41BDF58D90088BDC8 /* Debug */,
				F51374D51BDF58D90088BDC8 /* Release */,
			);
			defaultConfigurationIsVisible = 0;
			defaultConfigurationName = Release;
		};
		F51374D61BDF58D90088BDC8 /* Build configuration list for PBXNativeTarget "CDConvert" */ = {
			isa = XCConfigurationList;
			buildConfigurations = (
				F51374D71BDF58D90088BDC8 /* Debug */,
				F51374D81BDF58D90088BDC8 /* Release */,
			);
			defaultConfigurationIsVisible = 0;
		};
/* End XCConfigurationList section */
	};
	rootObject = F51374C71BDF58D90088BDC8 /* Project object */;
}
